PODS:
  - youtube-ios-player-helper (0.1.6)

DEPENDENCIES:
  - youtube-ios-player-helper (~> 0.1.4)

SPEC REPOS:
  trunk:
    - youtube-ios-player-helper

SPEC CHECKSUMS:
  youtube-ios-player-helper: 21ab92db027c7ff86cb17a3843a3f6eafc8158d2

PODFILE CHECKSUM: 1e066a174d8eea66c3c9bd1dd4a28bb2c645e98c

COCOAPODS: 1.8.4
